<?xml version="1.0" encoding="utf-8"?>
<Project ToolsVersion="4.0" xmlns="http://schemas.microsoft.com/developer/msbuild/2003">
  <ItemGroup>
    <Filter Include="Generated Files">
      <UniqueIdentifier>{71ED8ED8-ACB9-4CE9-BBE1-E00B30144E11}</UniqueIdentifier>
      <Extensions>
      </Extensions>
      <SourceControlFiles>False</SourceControlFiles>
    </Filter>
    <Filter Include="Generated Files\Debug">
      <UniqueIdentifier>{b38fece2-36e5-4810-81f1-bd7a83cd6677}</UniqueIdentifier>
      <Extensions>cpp;moc</Extensions>
      <SourceControlFiles>False</SourceControlFiles>
    </Filter>
    <Filter Include="Generated Files\Release">
      <UniqueIdentifier>{ccd8ec5d-4fb0-427f-8c54-2324a1d33a56}</UniqueIdentifier>
      <Extensions>cpp;moc</Extensions>
      <SourceControlFiles>False</SourceControlFiles>
    </Filter>
    <Filter Include="main">
      <UniqueIdentifier>{d6fdfe90-9423-499a-b6c5-c6d4f5f473ed}</UniqueIdentifier>
    </Filter>
    <Filter Include="hrvo">
      <UniqueIdentifier>{b7c84f50-0087-4456-a1cf-ff61933e261b}</UniqueIdentifier>
    </Filter>
    <Filter Include="poly2tri">
      <UniqueIdentifier>{ef25bacc-be65-4b07-a6d6-9894b51a724a}</UniqueIdentifier>
    </Filter>
    <Filter Include="WebUI">
      <UniqueIdentifier>{c3da7c07-8ee0-4f24-a7be-08e2b2b1a1e8}</UniqueIdentifier>
    </Filter>
    <Filter Include="qUI">
      <UniqueIdentifier>{4d4a30e1-eebd-4ad2-8d08-7d02a6e796c6}</UniqueIdentifier>
    </Filter>
  </ItemGroup>
  <ItemGroup>
    <ClCompile Include="GeneratedFiles\qrc_nav.cpp">
      <Filter>Generated Files</Filter>
    </ClCompile>
    <ClCompile Include="GeneratedFiles\Debug\moc_NavGraphicsView.cpp">
      <Filter>Generated Files\Debug</Filter>
    </ClCompile>
    <ClCompile Include="GeneratedFiles\Release\moc_NavGraphicsView.cpp">
      <Filter>Generated Files\Release</Filter>
    </ClCompile>
    <ClCompile Include="GeneratedFiles\Debug\moc_NavDialog.cpp">
      <Filter>Generated Files\Debug</Filter>
    </ClCompile>
    <ClCompile Include="GeneratedFiles\Release\moc_NavDialog.cpp">
      <Filter>Generated Files\Release</Filter>
    </ClCompile>
    <ClCompile Include="src\poly2tri\advancing_front.cc">
      <Filter>poly2tri</Filter>
    </ClCompile>
    <ClCompile Include="src\poly2tri\shapes.cc">
      <Filter>poly2tri</Filter>
    </ClCompile>
    <ClCompile Include="src\poly2tri\sweep.cc">
      <Filter>poly2tri</Filter>
    </ClCompile>
    <ClCompile Include="src\poly2tri\sweep_context.cc">
      <Filter>poly2tri</Filter>
    </ClCompile>
    <ClCompile Include="src\poly2tri\adapter.cc">
      <Filter>poly2tri</Filter>
    </ClCompile>
    <ClCompile Include="GeneratedFiles\Debug\moc_NavWeb.cpp">
      <Filter>Generated Files\Debug</Filter>
    </ClCompile>
    <ClCompile Include="GeneratedFiles\Release\moc_NavWeb.cpp">
      <Filter>Generated Files\Release</Filter>
    </ClCompile>
    <ClCompile Include="src\NavWeb.cpp">
      <Filter>WebUI</Filter>
    </ClCompile>
    <ClCompile Include="src\js\js_main.cpp">
      <Filter>WebUI</Filter>
    </ClCompile>
    <ClCompile Include="src\NavDialog.cpp">
      <Filter>qUI</Filter>
    </ClCompile>
    <ClCompile Include="src\NavGraphicsView.cpp">
      <Filter>qUI</Filter>
    </ClCompile>
    <ClCompile Include="src\terrainExtract.cpp">
      <Filter>main</Filter>
    </ClCompile>
    <ClCompile Include="src\main.cpp">
      <Filter>main</Filter>
    </ClCompile>
    <ClCompile Include="src\Mesh.cpp">
      <Filter>main</Filter>
    </ClCompile>
    <ClCompile Include="src\Document.cpp">
      <Filter>main</Filter>
    </ClCompile>
    <ClCompile Include="src\Agent.cpp">
      <Filter>hrvo</Filter>
    </ClCompile>
    <ClCompile Include="src\BihTree.cpp">
      <Filter>hrvo</Filter>
    </ClCompile>
  </ItemGroup>
  <ItemGroup>
    <CustomBuild Include="src\NavWeb.h">
      <Filter>WebUI</Filter>
    </CustomBuild>
    <CustomBuild Include="src\NavDialog.h">
      <Filter>qUI</Filter>
    </CustomBuild>
    <CustomBuild Include="src\NavGraphicsView.h">
      <Filter>qUI</Filter>
    </CustomBuild>
    <CustomBuild Include="src\nav.ui">
      <Filter>qUI</Filter>
    </CustomBuild>
    <CustomBuild Include="src\NavWeb.ui">
      <Filter>qUI</Filter>
    </CustomBuild>
    <CustomBuild Include="src\nav.qrc">
      <Filter>qUI</Filter>
    </CustomBuild>
  </ItemGroup>
  <ItemGroup>
    <ClInclude Include="GeneratedFiles\ui_nav.h">
      <Filter>Generated Files</Filter>
    </ClInclude>
    <ClInclude Include="src\Agent.h">
      <Filter>hrvo</Filter>
    </ClInclude>
    <ClInclude Include="src\poly2tri\advancing_front.h">
      <Filter>poly2tri</Filter>
    </ClInclude>
    <ClInclude Include="src\poly2tri\cdt.h">
      <Filter>poly2tri</Filter>
    </ClInclude>
    <ClInclude Include="src\poly2tri\poly2tri.h">
      <Filter>poly2tri</Filter>
    </ClInclude>
    <ClInclude Include="src\poly2tri\shapes.h">
      <Filter>poly2tri</Filter>
    </ClInclude>
    <ClInclude Include="src\poly2tri\sweep.h">
      <Filter>poly2tri</Filter>
    </ClInclude>
    <ClInclude Include="src\poly2tri\sweep_context.h">
      <Filter>poly2tri</Filter>
    </ClInclude>
    <ClInclude Include="src\poly2tri\utils.h">
      <Filter>poly2tri</Filter>
    </ClInclude>
    <ClInclude Include="src\Objects.h">
      <Filter>hrvo</Filter>
    </ClInclude>
    <ClInclude Include="GeneratedFiles\ui_NavWeb.h">
      <Filter>Generated Files</Filter>
    </ClInclude>
    <ClInclude Include="src\js\js_main.h">
      <Filter>WebUI</Filter>
    </ClInclude>
    <ClInclude Include="src\js\qt_emasm.h">
      <Filter>WebUI</Filter>
    </ClInclude>
    <ClInclude Include="src\Document.h">
      <Filter>main</Filter>
    </ClInclude>
    <ClInclude Include="src\Except.h">
      <Filter>main</Filter>
    </ClInclude>
    <ClInclude Include="src\Mesh.h">
      <Filter>main</Filter>
    </ClInclude>
    <ClInclude Include="src\Vec2.h">
      <Filter>main</Filter>
    </ClInclude>
    <ClInclude Include="src\BihTree.h">
      <Filter>hrvo</Filter>
    </ClInclude>
    <ClInclude Include="src\mtrig.h">
      <Filter>hrvo</Filter>
    </ClInclude>
  </ItemGroup>
  <ItemGroup>
    <None Include="src\js\page.html">
      <Filter>WebUI</Filter>
    </None>
  </ItemGroup>
</Project>